
Microsoft Visual Studio Solution File, Format Version 12.00
# Visual Studio Version 16
VisualStudioVersion = 16.0.29519.87
MinimumVisualStudioVersion = 10.0.40219.1
Project("{00D1A9C2-B5F0-4AF3-8072-F6C62B433612}") = "Database", "Database\Database.sqlproj", "{C8AC1B57-0CCA-49C2-A722-373025CE58CF}"
EndProject
Global
	GlobalSection(SolutionConfigurationPlatforms) = preSolution
		Debug|Any CPU = Debug|Any CPU
		Release|Any CPU = Release|Any CPU
	EndGlobalSection
	GlobalSection(ProjectConfigurationPlatforms) = postSolution
		{C8AC1B57-0CCA-49C2-A722-373025CE58CF}.Debug|Any CPU.ActiveCfg = Debug|Any CPU
		{C8AC1B57-0CCA-49C2-A722-373025CE58CF}.Debug|Any CPU.Build.0 = Debug|Any CPU
		{C8AC1B57-0CCA-49C2-A722-373025CE58CF}.Debug|Any CPU.Deploy.0 = Debug|Any CPU
		{C8AC1B57-0CCA-49C2-A722-373025CE58CF}.Release|Any CPU.ActiveCfg = Release|Any CPU
		{C8AC1B57-0CCA-49C2-A722-373025CE58CF}.Release|Any CPU.Build.0 = Release|Any CPU
		{C8AC1B57-0CCA-49C2-A722-373025CE58CF}.Release|Any CPU.Deploy.0 = Release|Any CPU
	EndGlobalSection
	GlobalSection(SolutionProperties) = preSolution
		HideSolutionNode = FALSE
	EndGlobalSection
	GlobalSection(ExtensibilityGlobals) = postSolution
		SolutionGuid = {755A879A-1DEE-43C6-9A12-DA876F237D18}
	EndGlobalSection
EndGlobal
